
Microsoft Visual Studio Solution File, Format Version 12.00
# Visual Studio Version 17
VisualStudioVersion = 17.1.32421.90
MinimumVisualStudioVersion = 10.0.40219.1
Project("{FAE04EC0-301F-11D3-BF4B-00C04F79EFBC}") = "Laboratoire02.Android", "Laboratoire02.Android\Laboratoire02.Android.csproj", "{60A397E0-4B07-42B7-AEBD-8596102BBF72}"
EndProject
Project("{FAE04EC0-301F-11D3-BF4B-00C04F79EFBC}") = "Laboratoire02.iOS", "Laboratoire02.iOS\Laboratoire02.iOS.csproj", "{6DA793A8-F1ED-44F3-BF53-9C00C94904DC}"
EndProject
Project("{FAE04EC0-301F-11D3-BF4B-00C04F79EFBC}") = "Laboratoire02", "Laboratoire02\Laboratoire02.csproj", "{F699E0AA-85C9-463F-95E2-EF3DB60BD2A8}"
EndProject
Global
	GlobalSection(SolutionConfigurationPlatforms) = preSolution
		Debug|Any CPU = Debug|Any CPU
		Debug|iPhone = Debug|iPhone
		Debug|iPhoneSimulator = Debug|iPhoneSimulator
		Release|Any CPU = Release|Any CPU
		Release|iPhone = Release|iPhone
		Release|iPhoneSimulator = Release|iPhoneSimulator
	EndGlobalSection
	GlobalSection(ProjectConfigurationPlatforms) = postSolution
		{60A397E0-4B07-42B7-AEBD-8596102BBF72}.Debug|Any CPU.ActiveCfg = Debug|Any CPU
		{60A397E0-4B07-42B7-AEBD-8596102BBF72}.Debug|Any CPU.Build.0 = Debug|Any CPU
		{60A397E0-4B07-42B7-AEBD-8596102BBF72}.Debug|Any CPU.Deploy.0 = Debug|Any CPU
		{60A397E0-4B07-42B7-AEBD-8596102BBF72}.Debug|iPhone.ActiveCfg = Debug|Any CPU
		{60A397E0-4B07-42B7-AEBD-8596102BBF72}.Debug|iPhone.Build.0 = Debug|Any CPU
		{60A397E0-4B07-42B7-AEBD-8596102BBF72}.Debug|iPhone.Deploy.0 = Debug|Any CPU
		{60A397E0-4B07-42B7-AEBD-8596102BBF72}.Debug|iPhoneSimulator.ActiveCfg = Debug|Any CPU
		{60A397E0-4B07-42B7-AEBD-8596102BBF72}.Debug|iPhoneSimulator.Build.0 = Debug|Any CPU
		{60A397E0-4B07-42B7-AEBD-8596102BBF72}.Debug|iPhoneSimulator.Deploy.0 = Debug|Any CPU
		{60A397E0-4B07-42B7-AEBD-8596102BBF72}.Release|Any CPU.ActiveCfg = Release|Any CPU
		{60A397E0-4B07-42B7-AEBD-8596102BBF72}.Release|Any CPU.Build.0 = Release|Any CPU
		{60A397E0-4B07-42B7-AEBD-8596102BBF72}.Release|Any CPU.Deploy.0 = Release|Any CPU
		{60A397E0-4B07-42B7-AEBD-8596102BBF72}.Release|iPhone.ActiveCfg = Release|Any CPU
		{60A397E0-4B07-42B7-AEBD-8596102BBF72}.Release|iPhone.Build.0 = Release|Any CPU
		{60A397E0-4B07-42B7-AEBD-8596102BBF72}.Release|iPhone.Deploy.0 = Release|Any CPU
		{60A397E0-4B07-42B7-AEBD-8596102BBF72}.Release|iPhoneSimulator.ActiveCfg = Release|Any CPU
		{60A397E0-4B07-42B7-AEBD-8596102BBF72}.Release|iPhoneSimulator.Build.0 = Release|Any CPU
		{60A397E0-4B07-42B7-AEBD-8596102BBF72}.Release|iPhoneSimulator.Deploy.0 = Release|Any CPU
		{6DA793A8-F1ED-44F3-BF53-9C00C94904DC}.Debug|Any CPU.ActiveCfg = Debug|iPhone
		{6DA793A8-F1ED-44F3-BF53-9C00C94904DC}.Debug|Any CPU.Build.0 = Debug|iPhone
		{6DA793A8-F1ED-44F3-BF53-9C00C94904DC}.Debug|Any CPU.Deploy.0 = Debug|iPhone
		{6DA793A8-F1ED-44F3-BF53-9C00C94904DC}.Debug|iPhone.ActiveCfg = Debug|iPhone
		{6DA793A8-F1ED-44F3-BF53-9C00C94904DC}.Debug|iPhone.Build.0 = Debug|iPhone
		{6DA793A8-F1ED-44F3-BF53-9C00C94904DC}.Debug|iPhone.Deploy.0 = Debug|iPhone
		{6DA793A8-F1ED-44F3-BF53-9C00C94904DC}.Debug|iPhoneSimulator.ActiveCfg = Debug|iPhoneSimulator
		{6DA793A8-F1ED-44F3-BF53-9C00C94904DC}.Debug|iPhoneSimulator.Build.0 = Debug|iPhoneSimulator
		{6DA793A8-F1ED-44F3-BF53-9C00C94904DC}.Debug|iPhoneSimulator.Deploy.0 = Debug|iPhoneSimulator
		{6DA793A8-F1ED-44F3-BF53-9C00C94904DC}.Release|Any CPU.ActiveCfg = Release|iPhoneSimulator
		{6DA793A8-F1ED-44F3-BF53-9C00C94904DC}.Release|Any CPU.Build.0 = Release|iPhoneSimulator
		{6DA793A8-F1ED-44F3-BF53-9C00C94904DC}.Release|Any CPU.Deploy.0 = Release|iPhoneSimulator
		{6DA793A8-F1ED-44F3-BF53-9C00C94904DC}.Release|iPhone.ActiveCfg = Release|iPhone
		{6DA793A8-F1ED-44F3-BF53-9C00C94904DC}.Release|iPhone.Build.0 = Release|iPhone
		{6DA793A8-F1ED-44F3-BF53-9C00C94904DC}.Release|iPhone.Deploy.0 = Release|iPhone
		{6DA793A8-F1ED-44F3-BF53-9C00C94904DC}.Release|iPhoneSimulator.ActiveCfg = Release|iPhoneSimulator
		{6DA793A8-F1ED-44F3-BF53-9C00C94904DC}.Release|iPhoneSimulator.Build.0 = Release|iPhoneSimulator
		{6DA793A8-F1ED-44F3-BF53-9C00C94904DC}.Release|iPhoneSimulator.Deploy.0 = Release|iPhoneSimulator
		{F699E0AA-85C9-463F-95E2-EF3DB60BD2A8}.Debug|Any CPU.ActiveCfg = Debug|Any CPU
		{F699E0AA-85C9-463F-95E2-EF3DB60BD2A8}.Debug|Any CPU.Build.0 = Debug|Any CPU
		{F699E0AA-85C9-463F-95E2-EF3DB60BD2A8}.Debug|Any CPU.Deploy.0 = Debug|Any CPU
		{F699E0AA-85C9-463F-95E2-EF3DB60BD2A8}.Debug|iPhone.ActiveCfg = Debug|Any CPU
		{F699E0AA-85C9-463F-95E2-EF3DB60BD2A8}.Debug|iPhone.Build.0 = Debug|Any CPU
		{F699E0AA-85C9-463F-95E2-EF3DB60BD2A8}.Debug|iPhone.Deploy.0 = Debug|Any CPU
		{F699E0AA-85C9-463F-95E2-EF3DB60BD2A8}.Debug|iPhoneSimulator.ActiveCfg = Debug|Any CPU
		{F699E0AA-85C9-463F-95E2-EF3DB60BD2A8}.Debug|iPhoneSimulator.Build.0 = Debug|Any CPU
		{F699E0AA-85C9-463F-95E2-EF3DB60BD2A8}.Debug|iPhoneSimulator.Deploy.0 = Debug|Any CPU
		{F699E0AA-85C9-463F-95E2-EF3DB60BD2A8}.Release|Any CPU.ActiveCfg = Release|Any CPU
		{F699E0AA-85C9-463F-95E2-EF3DB60BD2A8}.Release|Any CPU.Build.0 = Release|Any CPU
		{F699E0AA-85C9-463F-95E2-EF3DB60BD2A8}.Release|Any CPU.Deploy.0 = Release|Any CPU
		{F699E0AA-85C9-463F-95E2-EF3DB60BD2A8}.Release|iPhone.ActiveCfg = Release|Any CPU
		{F699E0AA-85C9-463F-95E2-EF3DB60BD2A8}.Release|iPhone.Build.0 = Release|Any CPU
		{F699E0AA-85C9-463F-95E2-EF3DB60BD2A8}.Release|iPhone.Deploy.0 = Release|Any CPU
		{F699E0AA-85C9-463F-95E2-EF3DB60BD2A8}.Release|iPhoneSimulator.ActiveCfg = Release|Any CPU
		{F699E0AA-85C9-463F-95E2-EF3DB60BD2A8}.Release|iPhoneSimulator.Build.0 = Release|Any CPU
		{F699E0AA-85C9-463F-95E2-EF3DB60BD2A8}.Release|iPhoneSimulator.Deploy.0 = Release|Any CPU
	EndGlobalSection
	GlobalSection(SolutionProperties) = preSolution
		HideSolutionNode = FALSE
	EndGlobalSection
	GlobalSection(ExtensibilityGlobals) = postSolution
		SolutionGuid = {4EC66F3F-5A96-4C0A-A5BB-F7A7D7CD1086}
	EndGlobalSection
EndGlobal
